
Microsoft Visual Studio Solution File, Format Version 12.00
# Visual Studio Version 17
VisualStudioVersion = 17.8.34511.84
MinimumVisualStudioVersion = 10.0.40219.1
Project("{9A19103F-16F7-4668-BE54-9A1E7A4F7556}") = "ConnectionToLife", "ConnectionToLife.csproj", "{10B4EA7C-B019-473F-BAF5-2B66A566049A}"
EndProject
Project("{9A19103F-16F7-4668-BE54-9A1E7A4F7556}") = "ChatServer", "..\ChatServer\ChatServer.csproj", "{07EE8B1E-8356-4ABC-BB48-2230A30EF867}"
EndProject
Project("{9A19103F-16F7-4668-BE54-9A1E7A4F7556}") = "Interface", "..\Interface\Interface.csproj", "{0DF46060-025E-4908-96DD-AC72BB1FB817}"
EndProject
Project("{FAE04EC0-301F-11D3-BF4B-00C04F79EFBC}") = "TestsUnitaires", "..\TestsUnitaires\TestsUnitaires.csproj", "{552FDD80-26EA-4391-9DAA-CF483BCA25D1}"
EndProject
Global
	GlobalSection(SolutionConfigurationPlatforms) = preSolution
		Debug|Any CPU = Debug|Any CPU
		Release|Any CPU = Release|Any CPU
	EndGlobalSection
	GlobalSection(ProjectConfigurationPlatforms) = postSolution
		{10B4EA7C-B019-473F-BAF5-2B66A566049A}.Debug|Any CPU.ActiveCfg = Debug|Any CPU
		{10B4EA7C-B019-473F-BAF5-2B66A566049A}.Debug|Any CPU.Build.0 = Debug|Any CPU
		{10B4EA7C-B019-473F-BAF5-2B66A566049A}.Release|Any CPU.ActiveCfg = Release|Any CPU
		{10B4EA7C-B019-473F-BAF5-2B66A566049A}.Release|Any CPU.Build.0 = Release|Any CPU
		{07EE8B1E-8356-4ABC-BB48-2230A30EF867}.Debug|Any CPU.ActiveCfg = Debug|Any CPU
		{07EE8B1E-8356-4ABC-BB48-2230A30EF867}.Debug|Any CPU.Build.0 = Debug|Any CPU
		{07EE8B1E-8356-4ABC-BB48-2230A30EF867}.Release|Any CPU.ActiveCfg = Release|Any CPU
		{07EE8B1E-8356-4ABC-BB48-2230A30EF867}.Release|Any CPU.Build.0 = Release|Any CPU
		{0DF46060-025E-4908-96DD-AC72BB1FB817}.Debug|Any CPU.ActiveCfg = Debug|Any CPU
		{0DF46060-025E-4908-96DD-AC72BB1FB817}.Debug|Any CPU.Build.0 = Debug|Any CPU
		{0DF46060-025E-4908-96DD-AC72BB1FB817}.Release|Any CPU.ActiveCfg = Release|Any CPU
		{0DF46060-025E-4908-96DD-AC72BB1FB817}.Release|Any CPU.Build.0 = Release|Any CPU
		{552FDD80-26EA-4391-9DAA-CF483BCA25D1}.Debug|Any CPU.ActiveCfg = Debug|Any CPU
		{552FDD80-26EA-4391-9DAA-CF483BCA25D1}.Debug|Any CPU.Build.0 = Debug|Any CPU
		{552FDD80-26EA-4391-9DAA-CF483BCA25D1}.Release|Any CPU.ActiveCfg = Release|Any CPU
		{552FDD80-26EA-4391-9DAA-CF483BCA25D1}.Release|Any CPU.Build.0 = Release|Any CPU
	EndGlobalSection
	GlobalSection(SolutionProperties) = preSolution
		HideSolutionNode = FALSE
	EndGlobalSection
	GlobalSection(ExtensibilityGlobals) = postSolution
		SolutionGuid = {DCF6EBF4-D74E-4E86-87A9-E092683ABAF6}
	EndGlobalSection
EndGlobal
